# This file was autogenerated by uv via the following command:
#    make lock
aiohappyeyeballs==2.6.1
aiohttp==3.13.3
aiosignal==1.4.0
anyio==4.12.1
attrs==25.4.0
bracex==3.0.1
certifi==2026.2.25
connectrpc==0.11.1
dockerfile-parse==2.0.1
e2b==2.46.0
e2b-code-interpreter==2.9.2
frozenlist==1.8.0
h11==0.16.0
h2==4.4.1
hpack==4.2.0
httpcore==1.0.9
httpx==0.28.1
hyperframe==6.1.0
idna==3.11
markdown-it-py==4.0.0
mdurl==0.1.2
multidict==6.7.1
opentelemetry-api==1.44.0
packaging==26.0
propcache==0.4.1
protobuf-py==0.1.1
protobuf-py-ext==0.1.1 ; (platform_machine == 'arm64' and platform_python_implementation == 'CPython' and sys_platform == 'darwin') or (platform_machine == 'aarch64' and platform_python_implementation == 'CPython' and sys_platform == 'linux') or (platform_machine == 'x86_64' and platform_python_implementation == 'CPython' and sys_platform == 'linux') or (platform_machine == 'AMD64' and platform_python_implementation == 'CPython' and sys_platform == 'win32') or (platform_machine == 'ARM64' and platform_python_implementation == 'CPython' and sys_platform == 'win32')
pygments==2.19.2
pyqwest==0.10.0
python-dateutil==2.9.0.post0
rich==14.3.3
six==1.17.0
typing-extensions==4.15.0
wcmatch==11.0.1
yarl==1.23.0
